
Microsoft Visual Studio Solution File, Format Version 12.00
# Visual Studio Express 14 for Windows Desktop
VisualStudioVersion = 14.0.25420.1
MinimumVisualStudioVersion = 10.0.40219.1
Project("{FAE04EC0-301F-11D3-BF4B-00C04F79EFBC}") = "Taki_Project", "Taki_Project\Taki_Project.csproj", "{8DFFB34C-ECC9-4849-AF0A-5BD71823EC1B}"
EndProject
Project("{FAE04EC0-301F-11D3-BF4B-00C04F79EFBC}") = "tiota", "tiota\tiota.csproj", "{E362D18E-99E5-4A87-85DF-07FC6A2A1871}"
EndProject
Global
	GlobalSection(SolutionConfigurationPlatforms) = preSolution
		Debug|Any CPU = Debug|Any CPU
		Release|Any CPU = Release|Any CPU
	EndGlobalSection
	GlobalSection(ProjectConfigurationPlatforms) = postSolution
		{8DFFB34C-ECC9-4849-AF0A-5BD71823EC1B}.Debug|Any CPU.ActiveCfg = Debug|Any CPU
		{8DFFB34C-ECC9-4849-AF0A-5BD71823EC1B}.Debug|Any CPU.Build.0 = Debug|Any CPU
		{8DFFB34C-ECC9-4849-AF0A-5BD71823EC1B}.Release|Any CPU.ActiveCfg = Release|Any CPU
		{8DFFB34C-ECC9-4849-AF0A-5BD71823EC1B}.Release|Any CPU.Build.0 = Release|Any CPU
		{E362D18E-99E5-4A87-85DF-07FC6A2A1871}.Debug|Any CPU.ActiveCfg = Debug|Any CPU
		{E362D18E-99E5-4A87-85DF-07FC6A2A1871}.Debug|Any CPU.Build.0 = Debug|Any CPU
		{E362D18E-99E5-4A87-85DF-07FC6A2A1871}.Release|Any CPU.ActiveCfg = Release|Any CPU
		{E362D18E-99E5-4A87-85DF-07FC6A2A1871}.Release|Any CPU.Build.0 = Release|Any CPU
	EndGlobalSection
	GlobalSection(SolutionProperties) = preSolution
		HideSolutionNode = FALSE
	EndGlobalSection
EndGlobal
